
Microsoft Visual Studio Solution File, Format Version 12.00
# Visual Studio Version 16
VisualStudioVersion = 16.0.31005.135
MinimumVisualStudioVersion = 10.0.40219.1
Project("{FAE04EC0-301F-11D3-BF4B-00C04F79EFBC}") = "ImageGalleryListView", "ImageGalleryListView.csproj", "{533BB0BE-2673-49B6-A3CE-02E26145FC7B}"
EndProject
Global
	GlobalSection(SolutionConfigurationPlatforms) = preSolution
		Debug|Any CPU = Debug|Any CPU
		Release|Any CPU = Release|Any CPU
	EndGlobalSection
	GlobalSection(ProjectConfigurationPlatforms) = postSolution
		{533BB0BE-2673-49B6-A3CE-02E26145FC7B}.Debug|Any CPU.ActiveCfg = Debug|Any CPU
		{533BB0BE-2673-49B6-A3CE-02E26145FC7B}.Debug|Any CPU.Build.0 = Debug|Any CPU
		{533BB0BE-2673-49B6-A3CE-02E26145FC7B}.Release|Any CPU.ActiveCfg = Release|Any CPU
		{533BB0BE-2673-49B6-A3CE-02E26145FC7B}.Release|Any CPU.Build.0 = Release|Any CPU
	EndGlobalSection
	GlobalSection(SolutionProperties) = preSolution
		HideSolutionNode = FALSE
	EndGlobalSection
	GlobalSection(ExtensibilityGlobals) = postSolution
		SolutionGuid = {06AAE26C-0057-47B9-922E-72F1A7782A6A}
	EndGlobalSection
EndGlobal
